// !$*UTF8*$!
{
	archiveVersion = 1;
	classes = {
	};
	objectVersion = 48;
	objects = {

/* Begin PBXBuildFile section */
		2B9716C7A36E0BF2A87E4F07 /* Pods_LottoMachine.framework in Frameworks */ = {isa = PBXBuildFile; fileRef = A543AAD3BEACC2E87705B307 /* Pods_LottoMachine.framework */; };
		9BA02A83201A00C500359D55 /* AppDelegate.swift in Sources */ = {isa = PBXBuildFile; fileRef = 9BA02A82201A00C500359D55 /* AppDelegate.swift */; };
		9BA02A85201A00C500359D55 /* ViewController.swift in Sources */ = {isa = PBXBuildFile; fileRef = 9BA02A84201A00C500359D55 /* ViewController.swift */; };
		9BA02A88201A00C500359D55 /* Main.storyboard in Resources */ = {isa = PBXBuildFile; fileRef = 9BA02A86201A00C500359D55 /* Main.storyboard */; };
		9BA02A8A201A00C500359D55 /* Assets.xcassets in Resources */ = {isa = PBXBuildFile; fileRef = 9BA02A89201A00C500359D55 /* Assets.xcassets */; };
		9BA02A8D201A00C500359D55 /* LaunchScreen.storyboard in Resources */ = {isa = PBXBuildFile; fileRef = 9BA02A8B201A00C500359D55 /* LaunchScreen.storyboard */; };
		9BF283C6202F4F3900730DC6 /* Number.swift in Sources */ = {isa = PBXBuildFile; fileRef = 9BF283C5202F4F3900730DC6 /* Number.swift */; };
		9BF283C8202F51B100730DC6 /* NumberManager.swift in Sources */ = {isa = PBXBuildFile; fileRef = 9BF283C7202F51B100730DC6 /* NumberManager.swift */; };
		9BF283CB2031654400730DC6 /* ColorHex.swift in Sources */ = {isa = PBXBuildFile; fileRef = 9BF283CA2031654400730DC6 /* ColorHex.swift */; };
		9BF2840F203AD85E00730DC6 /* ListViewController.swift in Sources */ = {isa = PBXBuildFile; fileRef = 9BF2840E203AD85E00730DC6 /* ListViewController.swift */; };
/* End PBXBuildFile section */

/* Begin PBXFileReference section */
		74C10D9F81A4DFCEDB27C49C /* Pods-LottoMachine.release.xcconfig */ = {isa = PBXFileReference; includeInIndex = 1; lastKnownFileType = text.xcconfig; name = "Pods-LottoMachine.release.xcconfig"; path = "Pods/Target Support Files/Pods-LottoMachine/Pods-LottoMachine.release.xcconfig"; sourceTree = "<group>"; };
		9BA02A7F201A00C500359D55 /* LottoMachine.app */ = {isa = PBXFileReference; explicitFileType = wrapper.application; includeInIndex = 0; path = LottoMachine.app; sourceTree = BUILT_PRODUCTS_DIR; };
		9BA02A82201A00C500359D55 /* AppDelegate.swift */ = {isa = PBXFileReference; lastKnownFileType = sourcecode.swift; path = AppDelegate.swift; sourceTree = "<group>"; };
		9BA02A84201A00C500359D55 /* ViewController.swift */ = {isa = PBXFileReference; lastKnownFileType = sourcecode.swift; path = ViewController.swift; sourceTree = "<group>"; };
		9BA02A87201A00C500359D55 /* Base */ = {isa = PBXFileReference; lastKnownFileType = file.storyboard; name = Base; path = Base.lproj/Main.storyboard; sourceTree = "<group>"; };
		9BA02A89201A00C500359D55 /* Assets.xcassets */ = {isa = PBXFileReference; lastKnownFileType = folder.assetcatalog; path = Assets.xcassets; sourceTree = "<group>"; };
		9BA02A8C201A00C500359D55 /* Base */ = {isa = PBXFileReference; lastKnownFileType = file.storyboard; name = Base; path = Base.lproj/LaunchScreen.storyboard; sourceTree = "<group>"; };
		9BA02A8E201A00C500359D55 /* Info.plist */ = {isa = PBXFileReference; lastKnownFileType = text.plist.xml; path = Info.plist; sourceTree = "<group>"; };
		9BF283C5202F4F3900730DC6 /* Number.swift */ = {isa = PBXFileReference; lastKnownFileType = sourcecode.swift; path = Number.swift; sourceTree = "<group>"; };
		9BF283C7202F51B100730DC6 /* NumberManager.swift */ = {isa = PBXFileReference; lastKnownFileType = sourcecode.swift; path = NumberManager.swift; sourceTree = "<group>"; };
		9BF283CA2031654400730DC6 /* ColorHex.swift */ = {isa = PBXFileReference; lastKnownFileType = sourcecode.swift; path = ColorHex.swift; sourceTree = "<group>"; };
		9BF2840E203AD85E00730DC6 /* ListViewController.swift */ = {isa = PBXFileReference; lastKnownFileType = sourcecode.swift; path = ListViewController.swift; sourceTree = "<group>"; };
		9DECEF3BDDF37B43D767F8F6 /* Pods-LottoMachine.debug.xcconfig */ = {isa = PBXFileReference; includeInIndex = 1; lastKnownFileType = text.xcconfig; name = "Pods-LottoMachine.debug.xcconfig"; path = "Pods/Target Support Files/Pods-LottoMachine/Pods-LottoMachine.debug.xcconfig"; sourceTree = "<group>"; };
		A543AAD3BEACC2E87705B307 /* Pods_LottoMachine.framework */ = {isa = PBXFileReference; explicitFileType = wrapper.framework; includeInIndex = 0; path = Pods_LottoMachine.framework; sourceTree = BUILT_PRODUCTS_DIR; };
/* End PBXFileReference section */

/* Begin PBXFrameworksBuildPhase section */
		9BA02A7C201A00C500359D55 /* Frameworks */ = {
			isa = PBXFrameworksBuildPhase;
			buildActionMask = 2147483647;
			files = (
				2B9716C7A36E0BF2A87E4F07 /* Pods_LottoMachine.framework in Frameworks */,
			);
			runOnlyForDeploymentPostprocessing = 0;
		};
/* End PBXFrameworksBuildPhase section */

/* Begin PBXGroup section */
		423EEA42B73485FD4D377F5E /* Frameworks */ = {
			isa = PBXGroup;
			children = (
				A543AAD3BEACC2E87705B307 /* Pods_LottoMachine.framework */,
			);
			name = Frameworks;
			sourceTree = "<group>";
		};
		6EF494C5D448027D736A3BDF /* Pods */ = {
			isa = PBXGroup;
			children = (
				9DECEF3BDDF37B43D767F8F6 /* Pods-LottoMachine.debug.xcconfig */,
				74C10D9F81A4DFCEDB27C49C /* Pods-LottoMachine.release.xcconfig */,
			);
			name = Pods;
			sourceTree = "<group>";
		};
		9BA02A76201A00C500359D55 = {
			isa = PBXGroup;
			children = (
				9BA02A81201A00C500359D55 /* LottoMachine */,
				9BA02A80201A00C500359D55 /* Products */,
				6EF494C5D448027D736A3BDF /* Pods */,
				423EEA42B73485FD4D377F5E /* Frameworks */,
			);
			sourceTree = "<group>";
		};
		9BA02A80201A00C500359D55 /* Products */ = {
			isa = PBXGroup;
			children = (
				9BA02A7F201A00C500359D55 /* LottoMachine.app */,
			);
			name = Products;
			sourceTree = "<group>";
		};
		9BA02A81201A00C500359D55 /* LottoMachine */ = {
			isa = PBXGroup;
			children = (
				9BF28413203ADA0400730DC6 /* Extention */,
				9BF28412203AD9F400730DC6 /* ViewController */,
				9BF28411203AD9EC00730DC6 /* Manager */,
				9BF28410203AD9E500730DC6 /* Model */,
				9BA02A82201A00C500359D55 /* AppDelegate.swift */,
				9BA02A86201A00C500359D55 /* Main.storyboard */,
				9BA02A89201A00C500359D55 /* Assets.xcassets */,
				9BA02A8B201A00C500359D55 /* LaunchScreen.storyboard */,
				9BA02A8E201A00C500359D55 /* Info.plist */,
			);
			path = LottoMachine;
			sourceTree = "<group>";
		};
		9BF28410203AD9E500730DC6 /* Model */ = {
			isa = PBXGroup;
			children = (
				9BF283C5202F4F3900730DC6 /* Number.swift */,
			);
			path = Model;
			sourceTree = "<group>";
		};
		9BF28411203AD9EC00730DC6 /* Manager */ = {
			isa = PBXGroup;
			children = (
				9BF283C7202F51B100730DC6 /* NumberManager.swift */,
			);
			path = Manager;
			sourceTree = "<group>";
		};
		9BF28412203AD9F400730DC6 /* ViewController */ = {
			isa = PBXGroup;
			children = (
				9BA02A84201A00C500359D55 /* ViewController.swift */,
				9BF2840E203AD85E00730DC6 /* ListViewController.swift */,
			);
			path = ViewController;
			sourceTree = "<group>";
		};
		9BF28413203ADA0400730DC6 /* Extention */ = {
			isa = PBXGroup;
			children = (
				9BF283CA2031654400730DC6 /* ColorHex.swift */,
			);
			path = Extention;
			sourceTree = "<group>";
		};
/* End PBXGroup section */

/* Begin PBXNativeTarget section */
		9BA02A7E201A00C500359D55 /* LottoMachine */ = {
			isa = PBXNativeTarget;
			buildConfigurationList = 9BA02A91201A00C500359D55 /* Build configuration list for PBXNativeTarget "LottoMachine" */;
			buildPhases = (
				922CF3FE38745E169BB290E5 /* [CP] Check Pods Manifest.lock */,
				9BA02A7B201A00C500359D55 /* Sources */,
				9BA02A7C201A00C500359D55 /* Frameworks */,
				9BA02A7D201A00C500359D55 /* Resources */,
				332D3C02DBA0F15BECE2DAD8 /* [CP] Embed Pods Frameworks */,
				1CDAF5CD3947FF210D79790E /* [CP] Copy Pods Resources */,
			);
			buildRules = (
			);
			dependencies = (
			);
			name = LottoMachine;
			productName = LottoMachine;
			productReference = 9BA02A7F201A00C500359D55 /* LottoMachine.app */;
			productType = "com.apple.product-type.application";
		};
/* End PBXNativeTarget section */

/* Begin PBXProject section */
		9BA02A77201A00C500359D55 /* Project object */ = {
			isa = PBXProject;
			attributes = {
				LastSwiftUpdateCheck = 0920;
				LastUpgradeCheck = 0920;
				ORGANIZATIONNAME = smith;
				TargetAttributes = {
					9BA02A7E201A00C500359D55 = {
						CreatedOnToolsVersion = 9.2;
						ProvisioningStyle = Automatic;
					};
				};
			};
			buildConfigurationList = 9BA02A7A201A00C500359D55 /* Build configuration list for PBXProject "LottoMachine" */;
			compatibilityVersion = "Xcode 8.0";
			developmentRegion = en;
			hasScannedForEncodings = 0;
			knownRegions = (
				en,
				Base,
			);
			mainGroup = 9BA02A76201A00C500359D55;
			productRefGroup = 9BA02A80201A00C500359D55 /* Products */;
			projectDirPath = "";
			projectRoot = "";
			targets = (
				9BA02A7E201A00C500359D55 /* LottoMachine */,
			);
		};
/* End PBXProject section */

/* Begin PBXResourcesBuildPhase section */
		9BA02A7D201A00C500359D55 /* Resources */ = {
			isa = PBXResourcesBuildPhase;
			buildActionMask = 2147483647;
			files = (
				9BA02A8D201A00C500359D55 /* LaunchScreen.storyboard in Resources */,
				9BA02A8A201A00C500359D55 /* Assets.xcassets in Resources */,
				9BA02A88201A00C500359D55 /* Main.storyboard in Resources */,
			);
			runOnlyForDeploymentPostprocessing = 0;
		};
/* End PBXResourcesBuildPhase section */

/* Begin PBXShellScriptBuildPhase section */
		1CDAF5CD3947FF210D79790E /* [CP] Copy Pods Resources */ = {
			isa = PBXShellScriptBuildPhase;
			buildActionMask = 2147483647;
			files = (
			);
			inputPaths = (
			);
			name = "[CP] Copy Pods Resources";
			outputPaths = (
			);
			runOnlyForDeploymentPostprocessing = 0;
			shellPath = /bin/sh;
			shellScript = "\"${SRCROOT}/Pods/Target Support Files/Pods-LottoMachine/Pods-LottoMachine-resources.sh\"\n";
			showEnvVarsInLog = 0;
		};
		332D3C02DBA0F15BECE2DAD8 /* [CP] Embed Pods Frameworks */ = {
			isa = PBXShellScriptBuildPhase;
			buildActionMask = 2147483647;
			files = (
			);
			inputPaths = (
				"${SRCROOT}/Pods/Target Support Files/Pods-LottoMachine/Pods-LottoMachine-frameworks.sh",
				"${BUILT_PRODUCTS_DIR}/Realm/Realm.framework",
				"${BUILT_PRODUCTS_DIR}/RealmSwift/RealmSwift.framework",
			);
			name = "[CP] Embed Pods Frameworks";
			outputPaths = (
				"${TARGET_BUILD_DIR}/${FRAMEWORKS_FOLDER_PATH}/Realm.framework",
				"${TARGET_BUILD_DIR}/${FRAMEWORKS_FOLDER_PATH}/RealmSwift.framework",
			);
			runOnlyForDeploymentPostprocessing = 0;
			shellPath = /bin/sh;
			shellScript = "\"${SRCROOT}/Pods/Target Support Files/Pods-LottoMachine/Pods-LottoMachine-frameworks.sh\"\n";
			showEnvVarsInLog = 0;
		};
		922CF3FE38745E169BB290E5 /* [CP] Check Pods Manifest.lock */ = {
			isa = PBXShellScriptBuildPhase;
			buildActionMask = 2147483647;
			files = (
			);
			inputPaths = (
				"${PODS_PODFILE_DIR_PATH}/Podfile.lock",
				"${PODS_ROOT}/Manifest.lock",
			);
			name = "[CP] Check Pods Manifest.lock";
			outputPaths = (
				"$(DERIVED_FILE_DIR)/Pods-LottoMachine-checkManifestLockResult.txt",
			);
			runOnlyForDeploymentPostprocessing = 0;
			shellPath = /bin/sh;
			shellScript = "diff \"${PODS_PODFILE_DIR_PATH}/Podfile.lock\" \"${PODS_ROOT}/Manifest.lock\" > /dev/null\nif [ $? != 0 ] ; then\n    # print error to STDERR\n    echo \"error: The sandbox is not in sync with the Podfile.lock. Run 'pod install' or update your CocoaPods installation.\" >&2\n    exit 1\nfi\n# This output is used by Xcode 'outputs' to avoid re-running this script phase.\necho \"SUCCESS\" > \"${SCRIPT_OUTPUT_FILE_0}\"\n";
			showEnvVarsInLog = 0;
		};
/* End PBXShellScriptBuildPhase section */

/* Begin PBXSourcesBuildPhase section */
		9BA02A7B201A00C500359D55 /* Sources */ = {
			isa = PBXSourcesBuildPhase;
			buildActionMask = 2147483647;
			files = (
				9BA02A85201A00C500359D55 /* ViewController.swift in Sources */,
				9BF283CB2031654400730DC6 /* ColorHex.swift in Sources */,
				9BF2840F203AD85E00730DC6 /* ListViewController.swift in Sources */,
				9BA02A83201A00C500359D55 /* AppDelegate.swift in Sources */,
				9BF283C8202F51B100730DC6 /* NumberManager.swift in Sources */,
				9BF283C6202F4F3900730DC6 /* Number.swift in Sources */,
			);
			runOnlyForDeploymentPostprocessing = 0;
		};
/* End PBXSourcesBuildPhase section */

/* Begin PBXVariantGroup section */
		9BA02A86201A00C500359D55 /* Main.storyboard */ = {
			isa = PBXVariantGroup;
			children = (
				9BA02A87201A00C500359D55 /* Base */,
			);
			name = Main.storyboard;
			sourceTree = "<group>";
		};
		9BA02A8B201A00C500359D55 /* LaunchScreen.storyboard */ = {
			isa = PBXVariantGroup;
			children = (
				9BA02A8C201A00C500359D55 /* Base */,
			);
			name = LaunchScreen.storyboard;
			sourceTree = "<group>";
		};
/* End PBXVariantGroup section */

/* Begin XCBuildConfiguration section */
		9BA02A8F201A00C500359D55 /* Debug */ = {
			isa = XCBuildConfiguration;
			buildSettings = {
				ALWAYS_SEARCH_USER_PATHS = NO;
				CLANG_ANALYZER_NONNULL = YES;
				CLANG_ANALYZER_NUMBER_OBJECT_CONVERSION = YES_AGGRESSIVE;
				CLANG_CXX_LANGUAGE_STANDARD = "gnu++14";
				CLANG_CXX_LIBRARY = "libc++";
				CLANG_ENABLE_MODULES = YES;
				CLANG_ENABLE_OBJC_ARC = YES;
				CLANG_WARN_BLOCK_CAPTURE_AUTORELEASING = YES;
				CLANG_WARN_BOOL_CONVERSION = YES;
				CLANG_WARN_COMMA = YES;
				CLANG_WARN_CONSTANT_CONVERSION = YES;
				CLANG_WARN_DIRECT_OBJC_ISA_USAGE = YES_ERROR;
				CLANG_WARN_DOCUMENTATION_COMMENTS = YES;
				CLANG_WARN_EMPTY_BODY = YES;
				CLANG_WARN_ENUM_CONVERSION = YES;
				CLANG_WARN_INFINITE_RECURSION = YES;
				CLANG_WARN_INT_CONVERSION = YES;
				CLANG_WARN_NON_LITERAL_NULL_CONVERSION = YES;
				CLANG_WARN_OBJC_LITERAL_CONVERSION = YES;
				CLANG_WARN_OBJC_ROOT_CLASS = YES_ERROR;
				CLANG_WARN_RANGE_LOOP_ANALYSIS = YES;
				CLANG_WARN_STRICT_PROTOTYPES = YES;
				CLANG_WARN_SUSPICIOUS_MOVE = YES;
				CLANG_WARN_UNGUARDED_AVAILABILITY = YES_AGGRESSIVE;
				CLANG_WARN_UNREACHABLE_CODE = YES;
				CLANG_WARN__DUPLICATE_METHOD_MATCH = YES;
				CODE_SIGN_IDENTITY = "iPhone Developer";
				COPY_PHASE_STRIP = NO;
				DEBUG_INFORMATION_FORMAT = dwarf;
				ENABLE_STRICT_OBJC_MSGSEND = YES;
				ENABLE_TESTABILITY = YES;
				GCC_C_LANGUAGE_STANDARD = gnu11;
				GCC_DYNAMIC_NO_PIC = NO;
				GCC_NO_COMMON_BLOCKS = YES;
				GCC_OPTIMIZATION_LEVEL = 0;
				GCC_PREPROCESSOR_DEFINITIONS = (
					"DEBUG=1",
					"$(inherited)",
				);
				GCC_WARN_64_TO_32_BIT_CONVERSION = YES;
				GCC_WARN_ABOUT_RETURN_TYPE = YES_ERROR;
				GCC_WARN_UNDECLARED_SELECTOR = YES;
				GCC_WARN_UNINITIALIZED_AUTOS = YES_AGGRESSIVE;
				GCC_WARN_UNUSED_FUNCTION = YES;
				GCC_WARN_UNUSED_VARIABLE = YES;
				IPHONEOS_DEPLOYMENT_TARGET = 11.2;
				MTL_ENABLE_DEBUG_INFO = YES;
				ONLY_ACTIVE_ARCH = YES;
				SDKROOT = iphoneos;
				SWIFT_ACTIVE_COMPILATION_CONDITIONS = DEBUG;
				SWIFT_OPTIMIZATION_LEVEL = "-Onone";
			};
			name = Debug;
		};
		9BA02A90201A00C500359D55 /* Release */ = {
			isa = XCBuildConfiguration;
			buildSettings = {
				ALWAYS_SEARCH_USER_PATHS = NO;
				CLANG_ANALYZER_NONNULL = YES;
				CLANG_ANALYZER_NUMBER_OBJECT_CONVERSION = YES_AGGRESSIVE;
				CLANG_CXX_LANGUAGE_STANDARD = "gnu++14";
				CLANG_CXX_LIBRARY = "libc++";
				CLANG_ENABLE_MODULES = YES;
				CLANG_ENABLE_OBJC_ARC = YES;
				CLANG_WARN_BLOCK_CAPTURE_AUTORELEASING = YES;
				CLANG_WARN_BOOL_CONVERSION = YES;
				CLANG_WARN_COMMA = YES;
				CLANG_WARN_CONSTANT_CONVERSION = YES;
				CLANG_WARN_DIRECT_OBJC_ISA_USAGE = YES_ERROR;
				CLANG_WARN_DOCUMENTATION_COMMENTS = YES;
				CLANG_WARN_EMPTY_BODY = YES;
				CLANG_WARN_ENUM_CONVERSION = YES;
				CLANG_WARN_INFINITE_RECURSION = YES;
				CLANG_WARN_INT_CONVERSION = YES;
				CLANG_WARN_NON_LITERAL_NULL_CONVERSION = YES;
				CLANG_WARN_OBJC_LITERAL_CONVERSION = YES;
				CLANG_WARN_OBJC_ROOT_CLASS = YES_ERROR;
				CLANG_WARN_RANGE_LOOP_ANALYSIS = YES;
				CLANG_WARN_STRICT_PROTOTYPES = YES;
				CLANG_WARN_SUSPICIOUS_MOVE = YES;
				CLANG_WARN_UNGUARDED_AVAILABILITY = YES_AGGRESSIVE;
				CLANG_WARN_UNREACHABLE_CODE = YES;
				CLANG_WARN__DUPLICATE_METHOD_MATCH = YES;
				CODE_SIGN_IDENTITY = "iPhone Developer";
				COPY_PHASE_STRIP = NO;
				DEBUG_INFORMATION_FORMAT = "dwarf-with-dsym";
				ENABLE_NS_ASSERTIONS = NO;
				ENABLE_STRICT_OBJC_MSGSEND = YES;
				GCC_C_LANGUAGE_STANDARD = gnu11;
				GCC_NO_COMMON_BLOCKS = YES;
				GCC_WARN_64_TO_32_BIT_CONVERSION = YES;
				GCC_WARN_ABOUT_RETURN_TYPE = YES_ERROR;
				GCC_WARN_UNDECLARED_SELECTOR = YES;
				GCC_WARN_UNINITIALIZED_AUTOS = YES_AGGRESSIVE;
				GCC_WARN_UNUSED_FUNCTION = YES;
				GCC_WARN_UNUSED_VARIABLE = YES;
				IPHONEOS_DEPLOYMENT_TARGET = 11.2;
				MTL_ENABLE_DEBUG_INFO = NO;
				SDKROOT = iphoneos;
				SWIFT_OPTIMIZATION_LEVEL = "-Owholemodule";
				VALIDATE_PRODUCT = YES;
			};
			name = Release;
		};
		9BA02A92201A00C500359D55 /* Debug */ = {
			isa = XCBuildConfiguration;
			baseConfigurationReference = 9DECEF3BDDF37B43D767F8F6 /* Pods-LottoMachine.debug.xcconfig */;
			buildSettings = {
				ASSETCATALOG_COMPILER_APPICON_NAME = AppIcon;
				CODE_SIGN_STYLE = Automatic;
				DEVELOPMENT_TEAM = QLAGA64KZQ;
				INFOPLIST_FILE = LottoMachine/Info.plist;
				LD_RUNPATH_SEARCH_PATHS = "$(inherited) @executable_path/Frameworks";
				PRODUCT_BUNDLE_IDENTIFIER = smith.codesquad.LottoMachine;
				PRODUCT_NAME = "$(TARGET_NAME)";
				SWIFT_VERSION = 4.0;
				TARGETED_DEVICE_FAMILY = 1;
			};
			name = Debug;
		};
		9BA02A93201A00C500359D55 /* Release */ = {
			isa = XCBuildConfiguration;
			baseConfigurationReference = 74C10D9F81A4DFCEDB27C49C /* Pods-LottoMachine.release.xcconfig */;
			buildSettings = {
				ASSETCATALOG_COMPILER_APPICON_NAME = AppIcon;
				CODE_SIGN_STYLE = Automatic;
				DEVELOPMENT_TEAM = QLAGA64KZQ;
				INFOPLIST_FILE = LottoMachine/Info.plist;
				LD_RUNPATH_SEARCH_PATHS = "$(inherited) @executable_path/Frameworks";
				PRODUCT_BUNDLE_IDENTIFIER = smith.codesquad.LottoMachine;
				PRODUCT_NAME = "$(TARGET_NAME)";
				SWIFT_VERSION = 4.0;
				TARGETED_DEVICE_FAMILY = 1;
			};
			name = Release;
		};
/* End XCBuildConfiguration section */

/* Begin XCConfigurationList section */
		9BA02A7A201A00C500359D55 /* Build configuration list for PBXProject "LottoMachine" */ = {
			isa = XCConfigurationList;
			buildConfigurations = (
				9BA02A8F201A00C500359D55 /* Debug */,
				9BA02A90201A00C500359D55 /* Release */,
			);
			defaultConfigurationIsVisible = 0;
			defaultConfigurationName = Release;
		};
		9BA02A91201A00C500359D55 /* Build configuration list for PBXNativeTarget "LottoMachine" */ = {
			isa = XCConfigurationList;
			buildConfigurations = (
				9BA02A92201A00C500359D55 /* Debug */,
				9BA02A93201A00C500359D55 /* Release */,
			);
			defaultConfigurationIsVisible = 0;
			defaultConfigurationName = Release;
		};
/* End XCConfigurationList section */
	};
	rootObject = 9BA02A77201A00C500359D55 /* Project object */;
}
